
Microsoft Visual Studio Solution File, Format Version 12.00
# Visual Studio Version 17
VisualStudioVersion = 17.10.35027.167
MinimumVisualStudioVersion = 10.0.40219.1
Project("{9A19103F-16F7-4668-BE54-9A1E7A4F7556}") = "FoodOrdering", "FoodOrdering\FoodOrdering.csproj", "{FC169D11-D24B-406E-A839-C1B0AAF09B8F}"
EndProject
Global
	GlobalSection(SolutionConfigurationPlatforms) = preSolution
		Debug|Any CPU = Debug|Any CPU
		Release|Any CPU = Release|Any CPU
	EndGlobalSection
	GlobalSection(ProjectConfigurationPlatforms) = postSolution
		{FC169D11-D24B-406E-A839-C1B0AAF09B8F}.Debug|Any CPU.ActiveCfg = Debug|Any CPU
		{FC169D11-D24B-406E-A839-C1B0AAF09B8F}.Debug|Any CPU.Build.0 = Debug|Any CPU
		{FC169D11-D24B-406E-A839-C1B0AAF09B8F}.Release|Any CPU.ActiveCfg = Release|Any CPU
		{FC169D11-D24B-406E-A839-C1B0AAF09B8F}.Release|Any CPU.Build.0 = Release|Any CPU
	EndGlobalSection
	GlobalSection(SolutionProperties) = preSolution
		HideSolutionNode = FALSE
	EndGlobalSection
	GlobalSection(ExtensibilityGlobals) = postSolution
		SolutionGuid = {9848B06D-2376-478D-B8C2-39627B5C9958}
	EndGlobalSection
EndGlobal
